// !$*UTF8*$!
{
	archiveVersion = 1;
	classes = {
	};
	objectVersion = 46;
	objects = {

/* Begin PBXBuildFile section */
		576A98FB1DDB848400E746AB /* AppDelegate.swift in Sources */ = {isa = PBXBuildFile; fileRef = 576A98FA1DDB848400E746AB /* AppDelegate.swift */; };
		576A98FD1DDB848400E746AB /* ViewController.swift in Sources */ = {isa = PBXBuildFile; fileRef = 576A98FC1DDB848400E746AB /* ViewController.swift */; };
		576A99001DDB848400E746AB /* Main.storyboard in Resources */ = {isa = PBXBuildFile; fileRef = 576A98FE1DDB848400E746AB /* Main.storyboard */; };
		576A99021DDB848400E746AB /* Assets.xcassets in Resources */ = {isa = PBXBuildFile; fileRef = 576A99011DDB848400E746AB /* Assets.xcassets */; };
		576A99051DDB848400E746AB /* LaunchScreen.storyboard in Resources */ = {isa = PBXBuildFile; fileRef = 576A99031DDB848400E746AB /* LaunchScreen.storyboard */; };
/* End PBXBuildFile section */

/* Begin PBXFileReference section */
		576A98F71DDB848400E746AB /* uidatepicker.app */ = {isa = PBXFileReference; explicitFileType = wrapper.application; includeInIndex = 0; path = uidatepicker.app; sourceTree = BUILT_PRODUCTS_DIR; };
		576A98FA1DDB848400E746AB /* AppDelegate.swift */ = {isa = PBXFileReference; lastKnownFileType = sourcecode.swift; path = AppDelegate.swift; sourceTree = "<group>"; };
		576A98FC1DDB848400E746AB /* ViewController.swift */ = {isa = PBXFileReference; lastKnownFileType = sourcecode.swift; path = ViewController.swift; sourceTree = "<group>"; };
		576A98FF1DDB848400E746AB /* Base */ = {isa = PBXFileReference; lastKnownFileType = file.storyboard; name = Base; path = Base.lproj/Main.storyboard; sourceTree = "<group>"; };
		576A99011DDB848400E746AB /* Assets.xcassets */ = {isa = PBXFileReference; lastKnownFileType = folder.assetcatalog; path = Assets.xcassets; sourceTree = "<group>"; };
		576A99041DDB848400E746AB /* Base */ = {isa = PBXFileReference; lastKnownFileType = file.storyboard; name = Base; path = Base.lproj/LaunchScreen.storyboard; sourceTree = "<group>"; };
		576A99061DDB848400E746AB /* Info.plist */ = {isa = PBXFileReference; lastKnownFileType = text.plist.xml; path = Info.plist; sourceTree = "<group>"; };
/* End PBXFileReference section */

/* Begin PBXFrameworksBuildPhase section */
		576A98F41DDB848400E746AB /* Frameworks */ = {
			isa = PBXFrameworksBuildPhase;
			buildActionMask = 2147483647;
			files = (
			);
			runOnlyForDeploymentPostprocessing = 0;
		};
/* End PBXFrameworksBuildPhase section */

/* Begin PBXGroup section */
		576A98EE1DDB848400E746AB = {
			isa = PBXGroup;
			children = (
				576A98F91DDB848400E746AB /* uidatepicker */,
				576A98F81DDB848400E746AB /* Products */,
			);
			sourceTree = "<group>";
		};
		576A98F81DDB848400E746AB /* Products */ = {
			isa = PBXGroup;
			children = (
				576A98F71DDB848400E746AB /* uidatepicker.app */,
			);
			name = Products;
			sourceTree = "<group>";
		};
		576A98F91DDB848400E746AB /* uidatepicker */ = {
			isa = PBXGroup;
			children = (
				576A98FA1DDB848400E746AB /* AppDelegate.swift */,
				576A98FC1DDB848400E746AB /* ViewController.swift */,
				576A98FE1DDB848400E746AB /* Main.storyboard */,
				576A99011DDB848400E746AB /* Assets.xcassets */,
				576A99031DDB848400E746AB /* LaunchScreen.storyboard */,
				576A99061DDB848400E746AB /* Info.plist */,
			);
			path = uidatepicker;
			sourceTree = "<group>";
		};
/* End PBXGroup section */

/* Begin PBXNativeTarget section */
		576A98F61DDB848400E746AB /* uidatepicker */ = {
			isa = PBXNativeTarget;
			buildConfigurationList = 576A99091DDB848400E746AB /* Build configuration list for PBXNativeTarget "uidatepicker" */;
			buildPhases = (
				576A98F31DDB848400E746AB /* Sources */,
				576A98F41DDB848400E746AB /* Frameworks */,
				576A98F51DDB848400E746AB /* Resources */,
			);
			buildRules = (
			);
			dependencies = (
			);
			name = uidatepicker;
			productName = uidatepicker;
			productReference = 576A98F71DDB848400E746AB /* uidatepicker.app */;
			productType = "com.apple.product-type.application";
		};
/* End PBXNativeTarget section */

/* Begin PBXProject section */
		576A98EF1DDB848400E746AB /* Project object */ = {
			isa = PBXProject;
			attributes = {
				LastSwiftUpdateCheck = 0800;
				LastUpgradeCheck = 0800;
				ORGANIZATIONNAME = cgua;
				TargetAttributes = {
					576A98F61DDB848400E746AB = {
						CreatedOnToolsVersion = 8.0;
						DevelopmentTeam = 4QX528523R;
						ProvisioningStyle = Automatic;
					};
				};
			};
			buildConfigurationList = 576A98F21DDB848400E746AB /* Build configuration list for PBXProject "uidatepicker" */;
			compatibilityVersion = "Xcode 3.2";
			developmentRegion = English;
			hasScannedForEncodings = 0;
			knownRegions = (
				en,
				Base,
			);
			mainGroup = 576A98EE1DDB848400E746AB;
			productRefGroup = 576A98F81DDB848400E746AB /* Products */;
			projectDirPath = "";
			projectRoot = "";
			targets = (
				576A98F61DDB848400E746AB /* uidatepicker */,
			);
		};
/* End PBXProject section */

/* Begin PBXResourcesBuildPhase section */
		576A98F51DDB848400E746AB /* Resources */ = {
			isa = PBXResourcesBuildPhase;
			buildActionMask = 2147483647;
			files = (
				576A99051DDB848400E746AB /* LaunchScreen.storyboard in Resources */,
				576A99021DDB848400E746AB /* Assets.xcassets in Resources */,
				576A99001DDB848400E746AB /* Main.storyboard in Resources */,
			);
			runOnlyForDeploymentPostprocessing = 0;
		};
/* End PBXResourcesBuildPhase section */

/* Begin PBXSourcesBuildPhase section */
		576A98F31DDB848400E746AB /* Sources */ = {
			isa = PBXSourcesBuildPhase;
			buildActionMask = 2147483647;
			files = (
				576A98FD1DDB848400E746AB /* ViewController.swift in Sources */,
				576A98FB1DDB848400E746AB /* AppDelegate.swift in Sources */,
			);
			runOnlyForDeploymentPostprocessing = 0;
		};
/* End PBXSourcesBuildPhase section */

/* Begin PBXVariantGroup section */
		576A98FE1DDB848400E746AB /* Main.storyboard */ = {
			isa = PBXVariantGroup;
			children = (
				576A98FF1DDB848400E746AB /* Base */,
			);
			name = Main.storyboard;
			sourceTree = "<group>";
		};
		576A99031DDB848400E746AB /* LaunchScreen.storyboard */ = {
			isa = PBXVariantGroup;
			children = (
				576A99041DDB848400E746AB /* Base */,
			);
			name = LaunchScreen.storyboard;
			sourceTree = "<group>";
		};
/* End PBXVariantGroup section */

/* Begin XCBuildConfiguration section */
		576A99071DDB848400E746AB /* Debug */ = {
			isa = XCBuildConfiguration;
			buildSettings = {
				ALWAYS_SEARCH_USER_PATHS = NO;
				CLANG_ANALYZER_NONNULL = YES;
				CLANG_CXX_LANGUAGE_STANDARD = "gnu++0x";
				CLANG_CXX_LIBRARY = "libc++";
				CLANG_ENABLE_MODULES = YES;
				CLANG_ENABLE_OBJC_ARC = YES;
				CLANG_WARN_BOOL_CONVERSION = YES;
				CLANG_WARN_CONSTANT_CONVERSION = YES;
				CLANG_WARN_DIRECT_OBJC_ISA_USAGE = YES_ERROR;
				CLANG_WARN_DOCUMENTATION_COMMENTS = YES;
				CLANG_WARN_EMPTY_BODY = YES;
				CLANG_WARN_ENUM_CONVERSION = YES;
				CLANG_WARN_INFINITE_RECURSION = YES;
				CLANG_WARN_INT_CONVERSION = YES;
				CLANG_WARN_OBJC_ROOT_CLASS = YES_ERROR;
				CLANG_WARN_SUSPICIOUS_MOVES = YES;
				CLANG_WARN_UNREACHABLE_CODE = YES;
				CLANG_WARN__DUPLICATE_METHOD_MATCH = YES;
				"CODE_SIGN_IDENTITY[sdk=iphoneos*]" = "iPhone Developer";
				COPY_PHASE_STRIP = NO;
				DEBUG_INFORMATION_FORMAT = dwarf;
				ENABLE_STRICT_OBJC_MSGSEND = YES;
				ENABLE_TESTABILITY = YES;
				GCC_C_LANGUAGE_STANDARD = gnu99;
				GCC_DYNAMIC_NO_PIC = NO;
				GCC_NO_COMMON_BLOCKS = YES;
				GCC_OPTIMIZATION_LEVEL = 0;
				GCC_PREPROCESSOR_DEFINITIONS = (
					"DEBUG=1",
					"$(inherited)",
				);
				GCC_WARN_64_TO_32_BIT_CONVERSION = YES;
				GCC_WARN_ABOUT_RETURN_TYPE = YES_ERROR;
				GCC_WARN_UNDECLARED_SELECTOR = YES;
				GCC_WARN_UNINITIALIZED_AUTOS = YES_AGGRESSIVE;
				GCC_WARN_UNUSED_FUNCTION = YES;
				GCC_WARN_UNUSED_VARIABLE = YES;
				IPHONEOS_DEPLOYMENT_TARGET = 10.0;
				MTL_ENABLE_DEBUG_INFO = YES;
				ONLY_ACTIVE_ARCH = YES;
				SDKROOT = iphoneos;
				SWIFT_ACTIVE_COMPILATION_CONDITIONS = DEBUG;
				SWIFT_OPTIMIZATION_LEVEL = "-Onone";
			};
			name = Debug;
		};
		576A99081DDB848400E746AB /* Release */ = {
			isa = XCBuildConfiguration;
			buildSettings = {
				ALWAYS_SEARCH_USER_PATHS = NO;
				CLANG_ANALYZER_NONNULL = YES;
				CLANG_CXX_LANGUAGE_STANDARD = "gnu++0x";
				CLANG_CXX_LIBRARY = "libc++";
				CLANG_ENABLE_MODULES = YES;
				CLANG_ENABLE_OBJC_ARC = YES;
				CLANG_WARN_BOOL_CONVERSION = YES;
				CLANG_WARN_CONSTANT_CONVERSION = YES;
				CLANG_WARN_DIRECT_OBJC_ISA_USAGE = YES_ERROR;
				CLANG_WARN_DOCUMENTATION_COMMENTS = YES;
				CLANG_WARN_EMPTY_BODY = YES;
				CLANG_WARN_ENUM_CONVERSION = YES;
				CLANG_WARN_INFINITE_RECURSION = YES;
				CLANG_WARN_INT_CONVERSION = YES;
				CLANG_WARN_OBJC_ROOT_CLASS = YES_ERROR;
				CLANG_WARN_SUSPICIOUS_MOVES = YES;
				CLANG_WARN_UNREACHABLE_CODE = YES;
				CLANG_WARN__DUPLICATE_METHOD_MATCH = YES;
				"CODE_SIGN_IDENTITY[sdk=iphoneos*]" = "iPhone Developer";
				COPY_PHASE_STRIP = NO;
				DEBUG_INFORMATION_FORMAT = "dwarf-with-dsym";
				ENABLE_NS_ASSERTIONS = NO;
				ENABLE_STRICT_OBJC_MSGSEND = YES;
				GCC_C_LANGUAGE_STANDARD = gnu99;
				GCC_NO_COMMON_BLOCKS = YES;
				GCC_WARN_64_TO_32_BIT_CONVERSION = YES;
				GCC_WARN_ABOUT_RETURN_TYPE = YES_ERROR;
				GCC_WARN_UNDECLARED_SELECTOR = YES;
				GCC_WARN_UNINITIALIZED_AUTOS = YES_AGGRESSIVE;
				GCC_WARN_UNUSED_FUNCTION = YES;
				GCC_WARN_UNUSED_VARIABLE = YES;
				IPHONEOS_DEPLOYMENT_TARGET = 10.0;
				MTL_ENABLE_DEBUG_INFO = NO;
				SDKROOT = iphoneos;
				SWIFT_OPTIMIZATION_LEVEL = "-Owholemodule";
				VALIDATE_PRODUCT = YES;
			};
			name = Release;
		};
		576A990A1DDB848400E746AB /* Debug */ = {
			isa = XCBuildConfiguration;
			buildSettings = {
				ASSETCATALOG_COMPILER_APPICON_NAME = AppIcon;
				DEVELOPMENT_TEAM = 4QX528523R;
				INFOPLIST_FILE = uidatepicker/Info.plist;
				LD_RUNPATH_SEARCH_PATHS = "$(inherited) @executable_path/Frameworks";
				PRODUCT_BUNDLE_IDENTIFIER = me.cgua.uidatepicker;
				PRODUCT_NAME = "$(TARGET_NAME)";
				SWIFT_VERSION = 3.0;
			};
			name = Debug;
		};
		576A990B1DDB848400E746AB /* Release */ = {
			isa = XCBuildConfiguration;
			buildSettings = {
				ASSETCATALOG_COMPILER_APPICON_NAME = AppIcon;
				DEVELOPMENT_TEAM = 4QX528523R;
				INFOPLIST_FILE = uidatepicker/Info.plist;
				LD_RUNPATH_SEARCH_PATHS = "$(inherited) @executable_path/Frameworks";
				PRODUCT_BUNDLE_IDENTIFIER = me.cgua.uidatepicker;
				PRODUCT_NAME = "$(TARGET_NAME)";
				SWIFT_VERSION = 3.0;
			};
			name = Release;
		};
/* End XCBuildConfiguration section */

/* Begin XCConfigurationList section */
		576A98F21DDB848400E746AB /* Build configuration list for PBXProject "uidatepicker" */ = {
			isa = XCConfigurationList;
			buildConfigurations = (
				576A99071DDB848400E746AB /* Debug */,
				576A99081DDB848400E746AB /* Release */,
			);
			defaultConfigurationIsVisible = 0;
			defaultConfigurationName = Release;
		};
		576A99091DDB848400E746AB /* Build configuration list for PBXNativeTarget "uidatepicker" */ = {
			isa = XCConfigurationList;
			buildConfigurations = (
				576A990A1DDB848400E746AB /* Debug */,
				576A990B1DDB848400E746AB /* Release */,
			);
			defaultConfigurationIsVisible = 0;
		};
/* End XCConfigurationList section */
	};
	rootObject = 576A98EF1DDB848400E746AB /* Project object */;
}
